
Microsoft Visual Studio Solution File, Format Version 12.00
# Visual Studio Version 17
VisualStudioVersion = 17.13.35931.197 d17.13
MinimumVisualStudioVersion = 10.0.40219.1
Project("{FAE04EC0-301F-11D3-BF4B-00C04F79EFBC}") = "PackedTables", "PackedTables.csproj", "{0DECF966-2649-4A7E-AE23-2CB11BB9DB9D}"
EndProject
Project("{FAE04EC0-301F-11D3-BF4B-00C04F79EFBC}") = "PackedTables.Tests", "..\PackedTables.Tests\PackedTables.Tests.csproj", "{6EA43261-6071-4D8A-8332-913443C2B8B3}"
EndProject
Global
	GlobalSection(SolutionConfigurationPlatforms) = preSolution
		Debug|Any CPU = Debug|Any CPU
		Release|Any CPU = Release|Any CPU
	EndGlobalSection
	GlobalSection(ProjectConfigurationPlatforms) = postSolution
		{0DECF966-2649-4A7E-AE23-2CB11BB9DB9D}.Debug|Any CPU.ActiveCfg = Debug|Any CPU
		{0DECF966-2649-4A7E-AE23-2CB11BB9DB9D}.Debug|Any CPU.Build.0 = Debug|Any CPU
		{0DECF966-2649-4A7E-AE23-2CB11BB9DB9D}.Release|Any CPU.ActiveCfg = Release|Any CPU
		{0DECF966-2649-4A7E-AE23-2CB11BB9DB9D}.Release|Any CPU.Build.0 = Release|Any CPU
		{6EA43261-6071-4D8A-8332-913443C2B8B3}.Debug|Any CPU.ActiveCfg = Debug|Any CPU
		{6EA43261-6071-4D8A-8332-913443C2B8B3}.Debug|Any CPU.Build.0 = Debug|Any CPU
		{6EA43261-6071-4D8A-8332-913443C2B8B3}.Release|Any CPU.ActiveCfg = Release|Any CPU
		{6EA43261-6071-4D8A-8332-913443C2B8B3}.Release|Any CPU.Build.0 = Release|Any CPU
	EndGlobalSection
	GlobalSection(SolutionProperties) = preSolution
		HideSolutionNode = FALSE
	EndGlobalSection
	GlobalSection(ExtensibilityGlobals) = postSolution
		SolutionGuid = {144BA9D9-CE81-443A-BAE1-A079BD73F548}
	EndGlobalSection
EndGlobal
